
Microsoft Visual Studio Solution File, Format Version 12.00
# Visual Studio 14
VisualStudioVersion = 14.0.23107.0
MinimumVisualStudioVersion = 10.0.40219.1
Project("{FAE04EC0-301F-11D3-BF4B-00C04F79EFBC}") = "EconomicStudyHelper", "EconomicStudyHelper\EconomicStudyHelper.csproj", "{134E8D71-71EF-4843-B2E0-681D331DF107}"
EndProject
Project("{FAE04EC0-301F-11D3-BF4B-00C04F79EFBC}") = "DataHelper", "ArcEngineHelper\DataHelper.csproj", "{F85F42F5-A723-44AC-8DC4-E6BD7B1D8930}"
EndProject
Project("{FAE04EC0-301F-11D3-BF4B-00C04F79EFBC}") = "Common", "Common\Common.csproj", "{11FF31DB-5A62-40A5-A7AE-34FF9F3DB2DD}"
EndProject
Project("{FAE04EC0-301F-11D3-BF4B-00C04F79EFBC}") = "Log", "Log\Log.csproj", "{2B85B24B-EA17-4261-AD20-26AE6B58B13F}"
EndProject
Global
	GlobalSection(SolutionConfigurationPlatforms) = preSolution
		Debug|Any CPU = Debug|Any CPU
		Debug|x86 = Debug|x86
		Release|Any CPU = Release|Any CPU
		Release|x86 = Release|x86
	EndGlobalSection
	GlobalSection(ProjectConfigurationPlatforms) = postSolution
		{134E8D71-71EF-4843-B2E0-681D331DF107}.Debug|Any CPU.ActiveCfg = Debug|Any CPU
		{134E8D71-71EF-4843-B2E0-681D331DF107}.Debug|Any CPU.Build.0 = Debug|Any CPU
		{134E8D71-71EF-4843-B2E0-681D331DF107}.Debug|x86.ActiveCfg = Debug|Any CPU
		{134E8D71-71EF-4843-B2E0-681D331DF107}.Debug|x86.Build.0 = Debug|Any CPU
		{134E8D71-71EF-4843-B2E0-681D331DF107}.Release|Any CPU.ActiveCfg = Release|Any CPU
		{134E8D71-71EF-4843-B2E0-681D331DF107}.Release|Any CPU.Build.0 = Release|Any CPU
		{134E8D71-71EF-4843-B2E0-681D331DF107}.Release|x86.ActiveCfg = Release|Any CPU
		{134E8D71-71EF-4843-B2E0-681D331DF107}.Release|x86.Build.0 = Release|Any CPU
		{F85F42F5-A723-44AC-8DC4-E6BD7B1D8930}.Debug|Any CPU.ActiveCfg = Debug|Any CPU
		{F85F42F5-A723-44AC-8DC4-E6BD7B1D8930}.Debug|Any CPU.Build.0 = Debug|Any CPU
		{F85F42F5-A723-44AC-8DC4-E6BD7B1D8930}.Debug|x86.ActiveCfg = Debug|Any CPU
		{F85F42F5-A723-44AC-8DC4-E6BD7B1D8930}.Debug|x86.Build.0 = Debug|Any CPU
		{F85F42F5-A723-44AC-8DC4-E6BD7B1D8930}.Release|Any CPU.ActiveCfg = Release|Any CPU
		{F85F42F5-A723-44AC-8DC4-E6BD7B1D8930}.Release|Any CPU.Build.0 = Release|Any CPU
		{F85F42F5-A723-44AC-8DC4-E6BD7B1D8930}.Release|x86.ActiveCfg = Release|Any CPU
		{F85F42F5-A723-44AC-8DC4-E6BD7B1D8930}.Release|x86.Build.0 = Release|Any CPU
		{11FF31DB-5A62-40A5-A7AE-34FF9F3DB2DD}.Debug|Any CPU.ActiveCfg = Debug|Any CPU
		{11FF31DB-5A62-40A5-A7AE-34FF9F3DB2DD}.Debug|Any CPU.Build.0 = Debug|Any CPU
		{11FF31DB-5A62-40A5-A7AE-34FF9F3DB2DD}.Debug|x86.ActiveCfg = Debug|Any CPU
		{11FF31DB-5A62-40A5-A7AE-34FF9F3DB2DD}.Debug|x86.Build.0 = Debug|Any CPU
		{11FF31DB-5A62-40A5-A7AE-34FF9F3DB2DD}.Release|Any CPU.ActiveCfg = Release|Any CPU
		{11FF31DB-5A62-40A5-A7AE-34FF9F3DB2DD}.Release|Any CPU.Build.0 = Release|Any CPU
		{11FF31DB-5A62-40A5-A7AE-34FF9F3DB2DD}.Release|x86.ActiveCfg = Release|Any CPU
		{11FF31DB-5A62-40A5-A7AE-34FF9F3DB2DD}.Release|x86.Build.0 = Release|Any CPU
		{2B85B24B-EA17-4261-AD20-26AE6B58B13F}.Debug|Any CPU.ActiveCfg = Debug|Any CPU
		{2B85B24B-EA17-4261-AD20-26AE6B58B13F}.Debug|Any CPU.Build.0 = Debug|Any CPU
		{2B85B24B-EA17-4261-AD20-26AE6B58B13F}.Debug|x86.ActiveCfg = Debug|x86
		{2B85B24B-EA17-4261-AD20-26AE6B58B13F}.Debug|x86.Build.0 = Debug|x86
		{2B85B24B-EA17-4261-AD20-26AE6B58B13F}.Release|Any CPU.ActiveCfg = Release|Any CPU
		{2B85B24B-EA17-4261-AD20-26AE6B58B13F}.Release|Any CPU.Build.0 = Release|Any CPU
		{2B85B24B-EA17-4261-AD20-26AE6B58B13F}.Release|x86.ActiveCfg = Release|x86
		{2B85B24B-EA17-4261-AD20-26AE6B58B13F}.Release|x86.Build.0 = Release|x86
	EndGlobalSection
	GlobalSection(SolutionProperties) = preSolution
		HideSolutionNode = FALSE
	EndGlobalSection
EndGlobal
